// !$*UTF8*$!
{
	archiveVersion = 1;
	classes = {
	};
	objectVersion = 48;
	objects = {

/* Begin PBXBuildFile section */
		2B0A77BD20636A1400BC5901 /* ViewModel.swift in Sources */ = {isa = PBXBuildFile; fileRef = 2B0A77BC20636A1400BC5901 /* ViewModel.swift */; };
		2B0F5F4521B78D3700FCB0FB /* DayOneViewController.swift in Sources */ = {isa = PBXBuildFile; fileRef = 2B0F5F4321B78D3700FCB0FB /* DayOneViewController.swift */; };
		2B0F5F4621B78D3700FCB0FB /* DayOneViewController.xib in Resources */ = {isa = PBXBuildFile; fileRef = 2B0F5F4421B78D3700FCB0FB /* DayOneViewController.xib */; };
		2B0F5F4821B78E2100FCB0FB /* HomeTableViewCell.swift in Sources */ = {isa = PBXBuildFile; fileRef = 2B0F5F4721B78E2100FCB0FB /* HomeTableViewCell.swift */; };
		2B75167D2062486C009026AD /* AppDelegate.swift in Sources */ = {isa = PBXBuildFile; fileRef = 2B75167C2062486C009026AD /* AppDelegate.swift */; };
		2B75167F2062486C009026AD /* HomeViewController.swift in Sources */ = {isa = PBXBuildFile; fileRef = 2B75167E2062486C009026AD /* HomeViewController.swift */; };
		2B7516822062486C009026AD /* Main.storyboard in Resources */ = {isa = PBXBuildFile; fileRef = 2B7516802062486C009026AD /* Main.storyboard */; };
		2B7516842062486C009026AD /* Assets.xcassets in Resources */ = {isa = PBXBuildFile; fileRef = 2B7516832062486C009026AD /* Assets.xcassets */; };
		2B7516872062486C009026AD /* LaunchScreen.storyboard in Resources */ = {isa = PBXBuildFile; fileRef = 2B7516852062486C009026AD /* LaunchScreen.storyboard */; };
		2B7516922062486C009026AD /* rxSwift_studyTests.swift in Sources */ = {isa = PBXBuildFile; fileRef = 2B7516912062486C009026AD /* rxSwift_studyTests.swift */; };
		2B75169D2062486C009026AD /* rxSwift_studyUITests.swift in Sources */ = {isa = PBXBuildFile; fileRef = 2B75169C2062486C009026AD /* rxSwift_studyUITests.swift */; };
		75C7418A6874A8AB92B4A4BA /* Pods_rxSwift_study.framework in Frameworks */ = {isa = PBXBuildFile; fileRef = 3484268C8FC6584B7DEE2C8C /* Pods_rxSwift_study.framework */; };
		BDFA31FF4761429660ADB805 /* Pods_rxSwift_studyUITests.framework in Frameworks */ = {isa = PBXBuildFile; fileRef = 952A3240C9B545C678A32540 /* Pods_rxSwift_studyUITests.framework */; };
		F44374D2A228D579E78FAFD9 /* Pods_rxSwift_studyTests.framework in Frameworks */ = {isa = PBXBuildFile; fileRef = BA62C73145CF22F7C074F2CC /* Pods_rxSwift_studyTests.framework */; };
/* End PBXBuildFile section */

/* Begin PBXContainerItemProxy section */
		2B75168E2062486C009026AD /* PBXContainerItemProxy */ = {
			isa = PBXContainerItemProxy;
			containerPortal = 2B7516712062486C009026AD /* Project object */;
			proxyType = 1;
			remoteGlobalIDString = 2B7516782062486C009026AD;
			remoteInfo = "rxSwift-study";
		};
		2B7516992062486C009026AD /* PBXContainerItemProxy */ = {
			isa = PBXContainerItemProxy;
			containerPortal = 2B7516712062486C009026AD /* Project object */;
			proxyType = 1;
			remoteGlobalIDString = 2B7516782062486C009026AD;
			remoteInfo = "rxSwift-study";
		};
/* End PBXContainerItemProxy section */

/* Begin PBXFileReference section */
		2B0A77BC20636A1400BC5901 /* ViewModel.swift */ = {isa = PBXFileReference; lastKnownFileType = sourcecode.swift; path = ViewModel.swift; sourceTree = "<group>"; };
		2B0F5F4321B78D3700FCB0FB /* DayOneViewController.swift */ = {isa = PBXFileReference; lastKnownFileType = sourcecode.swift; path = DayOneViewController.swift; sourceTree = "<group>"; };
		2B0F5F4421B78D3700FCB0FB /* DayOneViewController.xib */ = {isa = PBXFileReference; lastKnownFileType = file.xib; path = DayOneViewController.xib; sourceTree = "<group>"; };
		2B0F5F4721B78E2100FCB0FB /* HomeTableViewCell.swift */ = {isa = PBXFileReference; lastKnownFileType = sourcecode.swift; path = HomeTableViewCell.swift; sourceTree = "<group>"; };
		2B7516792062486C009026AD /* rxSwift-study.app */ = {isa = PBXFileReference; explicitFileType = wrapper.application; includeInIndex = 0; path = "rxSwift-study.app"; sourceTree = BUILT_PRODUCTS_DIR; };
		2B75167C2062486C009026AD /* AppDelegate.swift */ = {isa = PBXFileReference; lastKnownFileType = sourcecode.swift; path = AppDelegate.swift; sourceTree = "<group>"; };
		2B75167E2062486C009026AD /* HomeViewController.swift */ = {isa = PBXFileReference; lastKnownFileType = sourcecode.swift; path = HomeViewController.swift; sourceTree = "<group>"; };
		2B7516812062486C009026AD /* Base */ = {isa = PBXFileReference; lastKnownFileType = file.storyboard; name = Base; path = Base.lproj/Main.storyboard; sourceTree = "<group>"; };
		2B7516832062486C009026AD /* Assets.xcassets */ = {isa = PBXFileReference; lastKnownFileType = folder.assetcatalog; path = Assets.xcassets; sourceTree = "<group>"; };
		2B7516862062486C009026AD /* Base */ = {isa = PBXFileReference; lastKnownFileType = file.storyboard; name = Base; path = Base.lproj/LaunchScreen.storyboard; sourceTree = "<group>"; };
		2B7516882062486C009026AD /* Info.plist */ = {isa = PBXFileReference; lastKnownFileType = text.plist.xml; path = Info.plist; sourceTree = "<group>"; };
		2B75168D2062486C009026AD /* rxSwift-studyTests.xctest */ = {isa = PBXFileReference; explicitFileType = wrapper.cfbundle; includeInIndex = 0; path = "rxSwift-studyTests.xctest"; sourceTree = BUILT_PRODUCTS_DIR; };
		2B7516912062486C009026AD /* rxSwift_studyTests.swift */ = {isa = PBXFileReference; lastKnownFileType = sourcecode.swift; path = rxSwift_studyTests.swift; sourceTree = "<group>"; };
		2B7516932062486C009026AD /* Info.plist */ = {isa = PBXFileReference; lastKnownFileType = text.plist.xml; path = Info.plist; sourceTree = "<group>"; };
		2B7516982062486C009026AD /* rxSwift-studyUITests.xctest */ = {isa = PBXFileReference; explicitFileType = wrapper.cfbundle; includeInIndex = 0; path = "rxSwift-studyUITests.xctest"; sourceTree = BUILT_PRODUCTS_DIR; };
		2B75169C2062486C009026AD /* rxSwift_studyUITests.swift */ = {isa = PBXFileReference; lastKnownFileType = sourcecode.swift; path = rxSwift_studyUITests.swift; sourceTree = "<group>"; };
		2B75169E2062486C009026AD /* Info.plist */ = {isa = PBXFileReference; lastKnownFileType = text.plist.xml; path = Info.plist; sourceTree = "<group>"; };
		3484268C8FC6584B7DEE2C8C /* Pods_rxSwift_study.framework */ = {isa = PBXFileReference; explicitFileType = wrapper.framework; includeInIndex = 0; path = Pods_rxSwift_study.framework; sourceTree = BUILT_PRODUCTS_DIR; };
		3BCB9A3C8BD71F430A8649CB /* Pods-rxSwift-study.debug.xcconfig */ = {isa = PBXFileReference; includeInIndex = 1; lastKnownFileType = text.xcconfig; name = "Pods-rxSwift-study.debug.xcconfig"; path = "Pods/Target Support Files/Pods-rxSwift-study/Pods-rxSwift-study.debug.xcconfig"; sourceTree = "<group>"; };
		52FBC75427B47F4FBA207818 /* Pods-rxSwift-studyUITests.release.xcconfig */ = {isa = PBXFileReference; includeInIndex = 1; lastKnownFileType = text.xcconfig; name = "Pods-rxSwift-studyUITests.release.xcconfig"; path = "Pods/Target Support Files/Pods-rxSwift-studyUITests/Pods-rxSwift-studyUITests.release.xcconfig"; sourceTree = "<group>"; };
		6288CCE0C4E60B6F68C20CD0 /* Pods-rxSwift-studyTests.debug.xcconfig */ = {isa = PBXFileReference; includeInIndex = 1; lastKnownFileType = text.xcconfig; name = "Pods-rxSwift-studyTests.debug.xcconfig"; path = "Pods/Target Support Files/Pods-rxSwift-studyTests/Pods-rxSwift-studyTests.debug.xcconfig"; sourceTree = "<group>"; };
		7860A6D2C1701C15C541AC5F /* Pods-rxSwift-study.release.xcconfig */ = {isa = PBXFileReference; includeInIndex = 1; lastKnownFileType = text.xcconfig; name = "Pods-rxSwift-study.release.xcconfig"; path = "Pods/Target Support Files/Pods-rxSwift-study/Pods-rxSwift-study.release.xcconfig"; sourceTree = "<group>"; };
		952A3240C9B545C678A32540 /* Pods_rxSwift_studyUITests.framework */ = {isa = PBXFileReference; explicitFileType = wrapper.framework; includeInIndex = 0; path = Pods_rxSwift_studyUITests.framework; sourceTree = BUILT_PRODUCTS_DIR; };
		BA62C73145CF22F7C074F2CC /* Pods_rxSwift_studyTests.framework */ = {isa = PBXFileReference; explicitFileType = wrapper.framework; includeInIndex = 0; path = Pods_rxSwift_studyTests.framework; sourceTree = BUILT_PRODUCTS_DIR; };
		D682B9905BACB5F9DF7A3B83 /* Pods-rxSwift-studyUITests.debug.xcconfig */ = {isa = PBXFileReference; includeInIndex = 1; lastKnownFileType = text.xcconfig; name = "Pods-rxSwift-studyUITests.debug.xcconfig"; path = "Pods/Target Support Files/Pods-rxSwift-studyUITests/Pods-rxSwift-studyUITests.debug.xcconfig"; sourceTree = "<group>"; };
		EEC46FE06E35EC873BE16093 /* Pods-rxSwift-studyTests.release.xcconfig */ = {isa = PBXFileReference; includeInIndex = 1; lastKnownFileType = text.xcconfig; name = "Pods-rxSwift-studyTests.release.xcconfig"; path = "Pods/Target Support Files/Pods-rxSwift-studyTests/Pods-rxSwift-studyTests.release.xcconfig"; sourceTree = "<group>"; };
/* End PBXFileReference section */

/* Begin PBXFrameworksBuildPhase section */
		2B7516762062486C009026AD /* Frameworks */ = {
			isa = PBXFrameworksBuildPhase;
			buildActionMask = 2147483647;
			files = (
				75C7418A6874A8AB92B4A4BA /* Pods_rxSwift_study.framework in Frameworks */,
			);
			runOnlyForDeploymentPostprocessing = 0;
		};
		2B75168A2062486C009026AD /* Frameworks */ = {
			isa = PBXFrameworksBuildPhase;
			buildActionMask = 2147483647;
			files = (
				F44374D2A228D579E78FAFD9 /* Pods_rxSwift_studyTests.framework in Frameworks */,
			);
			runOnlyForDeploymentPostprocessing = 0;
		};
		2B7516952062486C009026AD /* Frameworks */ = {
			isa = PBXFrameworksBuildPhase;
			buildActionMask = 2147483647;
			files = (
				BDFA31FF4761429660ADB805 /* Pods_rxSwift_studyUITests.framework in Frameworks */,
			);
			runOnlyForDeploymentPostprocessing = 0;
		};
/* End PBXFrameworksBuildPhase section */

/* Begin PBXGroup section */
		2B0F5F4221B78D1600FCB0FB /* Day1 */ = {
			isa = PBXGroup;
			children = (
				2B0F5F4321B78D3700FCB0FB /* DayOneViewController.swift */,
				2B0F5F4421B78D3700FCB0FB /* DayOneViewController.xib */,
			);
			path = Day1;
			sourceTree = "<group>";
		};
		2B0F5F4921B78F7900FCB0FB /* Home */ = {
			isa = PBXGroup;
			children = (
				2B75167E2062486C009026AD /* HomeViewController.swift */,
				2B0F5F4721B78E2100FCB0FB /* HomeTableViewCell.swift */,
			);
			path = Home;
			sourceTree = "<group>";
		};
		2B7516702062486C009026AD = {
			isa = PBXGroup;
			children = (
				2B75167B2062486C009026AD /* rxSwift-study */,
				2B7516902062486C009026AD /* rxSwift-studyTests */,
				2B75169B2062486C009026AD /* rxSwift-studyUITests */,
				2B75167A2062486C009026AD /* Products */,
				3D22EEDFCFCF0CBE0F9B3AAF /* Pods */,
				62917DD76BB950E95C502BC8 /* Frameworks */,
			);
			sourceTree = "<group>";
		};
		2B75167A2062486C009026AD /* Products */ = {
			isa = PBXGroup;
			children = (
				2B7516792062486C009026AD /* rxSwift-study.app */,
				2B75168D2062486C009026AD /* rxSwift-studyTests.xctest */,
				2B7516982062486C009026AD /* rxSwift-studyUITests.xctest */,
			);
			name = Products;
			sourceTree = "<group>";
		};
		2B75167B2062486C009026AD /* rxSwift-study */ = {
			isa = PBXGroup;
			children = (
				2B0F5F4921B78F7900FCB0FB /* Home */,
				2B0F5F4221B78D1600FCB0FB /* Day1 */,
				2B75167C2062486C009026AD /* AppDelegate.swift */,
				2B0A77BC20636A1400BC5901 /* ViewModel.swift */,
				2B7516802062486C009026AD /* Main.storyboard */,
				2B7516832062486C009026AD /* Assets.xcassets */,
				2B7516852062486C009026AD /* LaunchScreen.storyboard */,
				2B7516882062486C009026AD /* Info.plist */,
			);
			path = "rxSwift-study";
			sourceTree = "<group>";
		};
		2B7516902062486C009026AD /* rxSwift-studyTests */ = {
			isa = PBXGroup;
			children = (
				2B7516912062486C009026AD /* rxSwift_studyTests.swift */,
				2B7516932062486C009026AD /* Info.plist */,
			);
			path = "rxSwift-studyTests";
			sourceTree = "<group>";
		};
		2B75169B2062486C009026AD /* rxSwift-studyUITests */ = {
			isa = PBXGroup;
			children = (
				2B75169C2062486C009026AD /* rxSwift_studyUITests.swift */,
				2B75169E2062486C009026AD /* Info.plist */,
			);
			path = "rxSwift-studyUITests";
			sourceTree = "<group>";
		};
		3D22EEDFCFCF0CBE0F9B3AAF /* Pods */ = {
			isa = PBXGroup;
			children = (
				3BCB9A3C8BD71F430A8649CB /* Pods-rxSwift-study.debug.xcconfig */,
				7860A6D2C1701C15C541AC5F /* Pods-rxSwift-study.release.xcconfig */,
				6288CCE0C4E60B6F68C20CD0 /* Pods-rxSwift-studyTests.debug.xcconfig */,
				EEC46FE06E35EC873BE16093 /* Pods-rxSwift-studyTests.release.xcconfig */,
				D682B9905BACB5F9DF7A3B83 /* Pods-rxSwift-studyUITests.debug.xcconfig */,
				52FBC75427B47F4FBA207818 /* Pods-rxSwift-studyUITests.release.xcconfig */,
			);
			name = Pods;
			sourceTree = "<group>";
		};
		62917DD76BB950E95C502BC8 /* Frameworks */ = {
			isa = PBXGroup;
			children = (
				3484268C8FC6584B7DEE2C8C /* Pods_rxSwift_study.framework */,
				BA62C73145CF22F7C074F2CC /* Pods_rxSwift_studyTests.framework */,
				952A3240C9B545C678A32540 /* Pods_rxSwift_studyUITests.framework */,
			);
			name = Frameworks;
			sourceTree = "<group>";
		};
/* End PBXGroup section */

/* Begin PBXNativeTarget section */
		2B7516782062486C009026AD /* rxSwift-study */ = {
			isa = PBXNativeTarget;
			buildConfigurationList = 2B7516A12062486C009026AD /* Build configuration list for PBXNativeTarget "rxSwift-study" */;
			buildPhases = (
				7CF0E3253A2C8DCB628411F1 /* [CP] Check Pods Manifest.lock */,
				2B7516752062486C009026AD /* Sources */,
				2B7516762062486C009026AD /* Frameworks */,
				2B7516772062486C009026AD /* Resources */,
				3B61F7819FC2858CB234D633 /* [CP] Embed Pods Frameworks */,
			);
			buildRules = (
			);
			dependencies = (
			);
			name = "rxSwift-study";
			productName = "rxSwift-study";
			productReference = 2B7516792062486C009026AD /* rxSwift-study.app */;
			productType = "com.apple.product-type.application";
		};
		2B75168C2062486C009026AD /* rxSwift-studyTests */ = {
			isa = PBXNativeTarget;
			buildConfigurationList = 2B7516A42062486C009026AD /* Build configuration list for PBXNativeTarget "rxSwift-studyTests" */;
			buildPhases = (
				42A7EDC3AB797137F6401AFB /* [CP] Check Pods Manifest.lock */,
				2B7516892062486C009026AD /* Sources */,
				2B75168A2062486C009026AD /* Frameworks */,
				2B75168B2062486C009026AD /* Resources */,
			);
			buildRules = (
			);
			dependencies = (
				2B75168F2062486C009026AD /* PBXTargetDependency */,
			);
			name = "rxSwift-studyTests";
			productName = "rxSwift-studyTests";
			productReference = 2B75168D2062486C009026AD /* rxSwift-studyTests.xctest */;
			productType = "com.apple.product-type.bundle.unit-test";
		};
		2B7516972062486C009026AD /* rxSwift-studyUITests */ = {
			isa = PBXNativeTarget;
			buildConfigurationList = 2B7516A72062486C009026AD /* Build configuration list for PBXNativeTarget "rxSwift-studyUITests" */;
			buildPhases = (
				46C5810ACF8890BDC2E88B61 /* [CP] Check Pods Manifest.lock */,
				2B7516942062486C009026AD /* Sources */,
				2B7516952062486C009026AD /* Frameworks */,
				2B7516962062486C009026AD /* Resources */,
			);
			buildRules = (
			);
			dependencies = (
				2B75169A2062486C009026AD /* PBXTargetDependency */,
			);
			name = "rxSwift-studyUITests";
			productName = "rxSwift-studyUITests";
			productReference = 2B7516982062486C009026AD /* rxSwift-studyUITests.xctest */;
			productType = "com.apple.product-type.bundle.ui-testing";
		};
/* End PBXNativeTarget section */

/* Begin PBXProject section */
		2B7516712062486C009026AD /* Project object */ = {
			isa = PBXProject;
			attributes = {
				LastSwiftUpdateCheck = 0920;
				LastUpgradeCheck = 0920;
				ORGANIZATIONNAME = estsoft;
				TargetAttributes = {
					2B7516782062486C009026AD = {
						CreatedOnToolsVersion = 9.2;
						ProvisioningStyle = Automatic;
					};
					2B75168C2062486C009026AD = {
						CreatedOnToolsVersion = 9.2;
						ProvisioningStyle = Automatic;
						TestTargetID = 2B7516782062486C009026AD;
					};
					2B7516972062486C009026AD = {
						CreatedOnToolsVersion = 9.2;
						ProvisioningStyle = Automatic;
						TestTargetID = 2B7516782062486C009026AD;
					};
				};
			};
			buildConfigurationList = 2B7516742062486C009026AD /* Build configuration list for PBXProject "rxSwift-study" */;
			compatibilityVersion = "Xcode 8.0";
			developmentRegion = en;
			hasScannedForEncodings = 0;
			knownRegions = (
				en,
				Base,
			);
			mainGroup = 2B7516702062486C009026AD;
			productRefGroup = 2B75167A2062486C009026AD /* Products */;
			projectDirPath = "";
			projectRoot = "";
			targets = (
				2B7516782062486C009026AD /* rxSwift-study */,
				2B75168C2062486C009026AD /* rxSwift-studyTests */,
				2B7516972062486C009026AD /* rxSwift-studyUITests */,
			);
		};
/* End PBXProject section */

/* Begin PBXResourcesBuildPhase section */
		2B7516772062486C009026AD /* Resources */ = {
			isa = PBXResourcesBuildPhase;
			buildActionMask = 2147483647;
			files = (
				2B0F5F4621B78D3700FCB0FB /* DayOneViewController.xib in Resources */,
				2B7516872062486C009026AD /* LaunchScreen.storyboard in Resources */,
				2B7516842062486C009026AD /* Assets.xcassets in Resources */,
				2B7516822062486C009026AD /* Main.storyboard in Resources */,
			);
			runOnlyForDeploymentPostprocessing = 0;
		};
		2B75168B2062486C009026AD /* Resources */ = {
			isa = PBXResourcesBuildPhase;
			buildActionMask = 2147483647;
			files = (
			);
			runOnlyForDeploymentPostprocessing = 0;
		};
		2B7516962062486C009026AD /* Resources */ = {
			isa = PBXResourcesBuildPhase;
			buildActionMask = 2147483647;
			files = (
			);
			runOnlyForDeploymentPostprocessing = 0;
		};
/* End PBXResourcesBuildPhase section */

/* Begin PBXShellScriptBuildPhase section */
		3B61F7819FC2858CB234D633 /* [CP] Embed Pods Frameworks */ = {
			isa = PBXShellScriptBuildPhase;
			buildActionMask = 2147483647;
			files = (
			);
			inputPaths = (
				"${SRCROOT}/Pods/Target Support Files/Pods-rxSwift-study/Pods-rxSwift-study-frameworks.sh",
				"${BUILT_PRODUCTS_DIR}/RxAtomic/RxAtomic.framework",
				"${BUILT_PRODUCTS_DIR}/RxCocoa/RxCocoa.framework",
				"${BUILT_PRODUCTS_DIR}/RxSwift/RxSwift.framework",
			);
			name = "[CP] Embed Pods Frameworks";
			outputPaths = (
				"${TARGET_BUILD_DIR}/${FRAMEWORKS_FOLDER_PATH}/RxAtomic.framework",
				"${TARGET_BUILD_DIR}/${FRAMEWORKS_FOLDER_PATH}/RxCocoa.framework",
				"${TARGET_BUILD_DIR}/${FRAMEWORKS_FOLDER_PATH}/RxSwift.framework",
			);
			runOnlyForDeploymentPostprocessing = 0;
			shellPath = /bin/sh;
			shellScript = "\"${SRCROOT}/Pods/Target Support Files/Pods-rxSwift-study/Pods-rxSwift-study-frameworks.sh\"\n";
			showEnvVarsInLog = 0;
		};
		42A7EDC3AB797137F6401AFB /* [CP] Check Pods Manifest.lock */ = {
			isa = PBXShellScriptBuildPhase;
			buildActionMask = 2147483647;
			files = (
			);
			inputPaths = (
				"${PODS_PODFILE_DIR_PATH}/Podfile.lock",
				"${PODS_ROOT}/Manifest.lock",
			);
			name = "[CP] Check Pods Manifest.lock";
			outputPaths = (
				"$(DERIVED_FILE_DIR)/Pods-rxSwift-studyTests-checkManifestLockResult.txt",
			);
			runOnlyForDeploymentPostprocessing = 0;
			shellPath = /bin/sh;
			shellScript = "diff \"${PODS_PODFILE_DIR_PATH}/Podfile.lock\" \"${PODS_ROOT}/Manifest.lock\" > /dev/null\nif [ $? != 0 ] ; then\n    # print error to STDERR\n    echo \"error: The sandbox is not in sync with the Podfile.lock. Run 'pod install' or update your CocoaPods installation.\" >&2\n    exit 1\nfi\n# This output is used by Xcode 'outputs' to avoid re-running this script phase.\necho \"SUCCESS\" > \"${SCRIPT_OUTPUT_FILE_0}\"\n";
			showEnvVarsInLog = 0;
		};
		46C5810ACF8890BDC2E88B61 /* [CP] Check Pods Manifest.lock */ = {
			isa = PBXShellScriptBuildPhase;
			buildActionMask = 2147483647;
			files = (
			);
			inputPaths = (
				"${PODS_PODFILE_DIR_PATH}/Podfile.lock",
				"${PODS_ROOT}/Manifest.lock",
			);
			name = "[CP] Check Pods Manifest.lock";
			outputPaths = (
				"$(DERIVED_FILE_DIR)/Pods-rxSwift-studyUITests-checkManifestLockResult.txt",
			);
			runOnlyForDeploymentPostprocessing = 0;
			shellPath = /bin/sh;
			shellScript = "diff \"${PODS_PODFILE_DIR_PATH}/Podfile.lock\" \"${PODS_ROOT}/Manifest.lock\" > /dev/null\nif [ $? != 0 ] ; then\n    # print error to STDERR\n    echo \"error: The sandbox is not in sync with the Podfile.lock. Run 'pod install' or update your CocoaPods installation.\" >&2\n    exit 1\nfi\n# This output is used by Xcode 'outputs' to avoid re-running this script phase.\necho \"SUCCESS\" > \"${SCRIPT_OUTPUT_FILE_0}\"\n";
			showEnvVarsInLog = 0;
		};
		7CF0E3253A2C8DCB628411F1 /* [CP] Check Pods Manifest.lock */ = {
			isa = PBXShellScriptBuildPhase;
			buildActionMask = 2147483647;
			files = (
			);
			inputPaths = (
				"${PODS_PODFILE_DIR_PATH}/Podfile.lock",
				"${PODS_ROOT}/Manifest.lock",
			);
			name = "[CP] Check Pods Manifest.lock";
			outputPaths = (
				"$(DERIVED_FILE_DIR)/Pods-rxSwift-study-checkManifestLockResult.txt",
			);
			runOnlyForDeploymentPostprocessing = 0;
			shellPath = /bin/sh;
			shellScript = "diff \"${PODS_PODFILE_DIR_PATH}/Podfile.lock\" \"${PODS_ROOT}/Manifest.lock\" > /dev/null\nif [ $? != 0 ] ; then\n    # print error to STDERR\n    echo \"error: The sandbox is not in sync with the Podfile.lock. Run 'pod install' or update your CocoaPods installation.\" >&2\n    exit 1\nfi\n# This output is used by Xcode 'outputs' to avoid re-running this script phase.\necho \"SUCCESS\" > \"${SCRIPT_OUTPUT_FILE_0}\"\n";
			showEnvVarsInLog = 0;
		};
/* End PBXShellScriptBuildPhase section */

/* Begin PBXSourcesBuildPhase section */
		2B7516752062486C009026AD /* Sources */ = {
			isa = PBXSourcesBuildPhase;
			buildActionMask = 2147483647;
			files = (
				2B0F5F4521B78D3700FCB0FB /* DayOneViewController.swift in Sources */,
				2B0F5F4821B78E2100FCB0FB /* HomeTableViewCell.swift in Sources */,
				2B75167F2062486C009026AD /* HomeViewController.swift in Sources */,
				2B0A77BD20636A1400BC5901 /* ViewModel.swift in Sources */,
				2B75167D2062486C009026AD /* AppDelegate.swift in Sources */,
			);
			runOnlyForDeploymentPostprocessing = 0;
		};
		2B7516892062486C009026AD /* Sources */ = {
			isa = PBXSourcesBuildPhase;
			buildActionMask = 2147483647;
			files = (
				2B7516922062486C009026AD /* rxSwift_studyTests.swift in Sources */,
			);
			runOnlyForDeploymentPostprocessing = 0;
		};
		2B7516942062486C009026AD /* Sources */ = {
			isa = PBXSourcesBuildPhase;
			buildActionMask = 2147483647;
			files = (
				2B75169D2062486C009026AD /* rxSwift_studyUITests.swift in Sources */,
			);
			runOnlyForDeploymentPostprocessing = 0;
		};
/* End PBXSourcesBuildPhase section */

/* Begin PBXTargetDependency section */
		2B75168F2062486C009026AD /* PBXTargetDependency */ = {
			isa = PBXTargetDependency;
			target = 2B7516782062486C009026AD /* rxSwift-study */;
			targetProxy = 2B75168E2062486C009026AD /* PBXContainerItemProxy */;
		};
		2B75169A2062486C009026AD /* PBXTargetDependency */ = {
			isa = PBXTargetDependency;
			target = 2B7516782062486C009026AD /* rxSwift-study */;
			targetProxy = 2B7516992062486C009026AD /* PBXContainerItemProxy */;
		};
/* End PBXTargetDependency section */

/* Begin PBXVariantGroup section */
		2B7516802062486C009026AD /* Main.storyboard */ = {
			isa = PBXVariantGroup;
			children = (
				2B7516812062486C009026AD /* Base */,
			);
			name = Main.storyboard;
			sourceTree = "<group>";
		};
		2B7516852062486C009026AD /* LaunchScreen.storyboard */ = {
			isa = PBXVariantGroup;
			children = (
				2B7516862062486C009026AD /* Base */,
			);
			name = LaunchScreen.storyboard;
			sourceTree = "<group>";
		};
/* End PBXVariantGroup section */

/* Begin XCBuildConfiguration section */
		2B75169F2062486C009026AD /* Debug */ = {
			isa = XCBuildConfiguration;
			buildSettings = {
				ALWAYS_SEARCH_USER_PATHS = NO;
				CLANG_ANALYZER_NONNULL = YES;
				CLANG_ANALYZER_NUMBER_OBJECT_CONVERSION = YES_AGGRESSIVE;
				CLANG_CXX_LANGUAGE_STANDARD = "gnu++14";
				CLANG_CXX_LIBRARY = "libc++";
				CLANG_ENABLE_MODULES = YES;
				CLANG_ENABLE_OBJC_ARC = YES;
				CLANG_WARN_BLOCK_CAPTURE_AUTORELEASING = YES;
				CLANG_WARN_BOOL_CONVERSION = YES;
				CLANG_WARN_COMMA = YES;
				CLANG_WARN_CONSTANT_CONVERSION = YES;
				CLANG_WARN_DIRECT_OBJC_ISA_USAGE = YES_ERROR;
				CLANG_WARN_DOCUMENTATION_COMMENTS = YES;
				CLANG_WARN_EMPTY_BODY = YES;
				CLANG_WARN_ENUM_CONVERSION = YES;
				CLANG_WARN_INFINITE_RECURSION = YES;
				CLANG_WARN_INT_CONVERSION = YES;
				CLANG_WARN_NON_LITERAL_NULL_CONVERSION = YES;
				CLANG_WARN_OBJC_LITERAL_CONVERSION = YES;
				CLANG_WARN_OBJC_ROOT_CLASS = YES_ERROR;
				CLANG_WARN_RANGE_LOOP_ANALYSIS = YES;
				CLANG_WARN_STRICT_PROTOTYPES = YES;
				CLANG_WARN_SUSPICIOUS_MOVE = YES;
				CLANG_WARN_UNGUARDED_AVAILABILITY = YES_AGGRESSIVE;
				CLANG_WARN_UNREACHABLE_CODE = YES;
				CLANG_WARN__DUPLICATE_METHOD_MATCH = YES;
				CODE_SIGN_IDENTITY = "iPhone Developer";
				COPY_PHASE_STRIP = NO;
				DEBUG_INFORMATION_FORMAT = dwarf;
				ENABLE_STRICT_OBJC_MSGSEND = YES;
				ENABLE_TESTABILITY = YES;
				GCC_C_LANGUAGE_STANDARD = gnu11;
				GCC_DYNAMIC_NO_PIC = NO;
				GCC_NO_COMMON_BLOCKS = YES;
				GCC_OPTIMIZATION_LEVEL = 0;
				GCC_PREPROCESSOR_DEFINITIONS = (
					"DEBUG=1",
					"$(inherited)",
				);
				GCC_WARN_64_TO_32_BIT_CONVERSION = YES;
				GCC_WARN_ABOUT_RETURN_TYPE = YES_ERROR;
				GCC_WARN_UNDECLARED_SELECTOR = YES;
				GCC_WARN_UNINITIALIZED_AUTOS = YES_AGGRESSIVE;
				GCC_WARN_UNUSED_FUNCTION = YES;
				GCC_WARN_UNUSED_VARIABLE = YES;
				IPHONEOS_DEPLOYMENT_TARGET = 9.0;
				MTL_ENABLE_DEBUG_INFO = YES;
				ONLY_ACTIVE_ARCH = YES;
				SDKROOT = iphoneos;
				SWIFT_ACTIVE_COMPILATION_CONDITIONS = DEBUG;
				SWIFT_OPTIMIZATION_LEVEL = "-Onone";
			};
			name = Debug;
		};
		2B7516A02062486C009026AD /* Release */ = {
			isa = XCBuildConfiguration;
			buildSettings = {
				ALWAYS_SEARCH_USER_PATHS = NO;
				CLANG_ANALYZER_NONNULL = YES;
				CLANG_ANALYZER_NUMBER_OBJECT_CONVERSION = YES_AGGRESSIVE;
				CLANG_CXX_LANGUAGE_STANDARD = "gnu++14";
				CLANG_CXX_LIBRARY = "libc++";
				CLANG_ENABLE_MODULES = YES;
				CLANG_ENABLE_OBJC_ARC = YES;
				CLANG_WARN_BLOCK_CAPTURE_AUTORELEASING = YES;
				CLANG_WARN_BOOL_CONVERSION = YES;
				CLANG_WARN_COMMA = YES;
				CLANG_WARN_CONSTANT_CONVERSION = YES;
				CLANG_WARN_DIRECT_OBJC_ISA_USAGE = YES_ERROR;
				CLANG_WARN_DOCUMENTATION_COMMENTS = YES;
				CLANG_WARN_EMPTY_BODY = YES;
				CLANG_WARN_ENUM_CONVERSION = YES;
				CLANG_WARN_INFINITE_RECURSION = YES;
				CLANG_WARN_INT_CONVERSION = YES;
				CLANG_WARN_NON_LITERAL_NULL_CONVERSION = YES;
				CLANG_WARN_OBJC_LITERAL_CONVERSION = YES;
				CLANG_WARN_OBJC_ROOT_CLASS = YES_ERROR;
				CLANG_WARN_RANGE_LOOP_ANALYSIS = YES;
				CLANG_WARN_STRICT_PROTOTYPES = YES;
				CLANG_WARN_SUSPICIOUS_MOVE = YES;
				CLANG_WARN_UNGUARDED_AVAILABILITY = YES_AGGRESSIVE;
				CLANG_WARN_UNREACHABLE_CODE = YES;
				CLANG_WARN__DUPLICATE_METHOD_MATCH = YES;
				CODE_SIGN_IDENTITY = "iPhone Developer";
				COPY_PHASE_STRIP = NO;
				DEBUG_INFORMATION_FORMAT = "dwarf-with-dsym";
				ENABLE_NS_ASSERTIONS = NO;
				ENABLE_STRICT_OBJC_MSGSEND = YES;
				GCC_C_LANGUAGE_STANDARD = gnu11;
				GCC_NO_COMMON_BLOCKS = YES;
				GCC_WARN_64_TO_32_BIT_CONVERSION = YES;
				GCC_WARN_ABOUT_RETURN_TYPE = YES_ERROR;
				GCC_WARN_UNDECLARED_SELECTOR = YES;
				GCC_WARN_UNINITIALIZED_AUTOS = YES_AGGRESSIVE;
				GCC_WARN_UNUSED_FUNCTION = YES;
				GCC_WARN_UNUSED_VARIABLE = YES;
				IPHONEOS_DEPLOYMENT_TARGET = 9.0;
				MTL_ENABLE_DEBUG_INFO = NO;
				SDKROOT = iphoneos;
				SWIFT_OPTIMIZATION_LEVEL = "-Owholemodule";
				VALIDATE_PRODUCT = YES;
			};
			name = Release;
		};
		2B7516A22062486C009026AD /* Debug */ = {
			isa = XCBuildConfiguration;
			baseConfigurationReference = 3BCB9A3C8BD71F430A8649CB /* Pods-rxSwift-study.debug.xcconfig */;
			buildSettings = {
				ASSETCATALOG_COMPILER_APPICON_NAME = AppIcon;
				CODE_SIGN_STYLE = Automatic;
				DEVELOPMENT_TEAM = WQL32M5H24;
				INFOPLIST_FILE = "rxSwift-study/Info.plist";
				LD_RUNPATH_SEARCH_PATHS = "$(inherited) @executable_path/Frameworks";
				PRODUCT_BUNDLE_IDENTIFIER = "estsoft.rxSwift-study";
				PRODUCT_NAME = "$(TARGET_NAME)";
				SWIFT_VERSION = 4.0;
				TARGETED_DEVICE_FAMILY = "1,2";
			};
			name = Debug;
		};
		2B7516A32062486C009026AD /* Release */ = {
			isa = XCBuildConfiguration;
			baseConfigurationReference = 7860A6D2C1701C15C541AC5F /* Pods-rxSwift-study.release.xcconfig */;
			buildSettings = {
				ASSETCATALOG_COMPILER_APPICON_NAME = AppIcon;
				CODE_SIGN_STYLE = Automatic;
				DEVELOPMENT_TEAM = WQL32M5H24;
				INFOPLIST_FILE = "rxSwift-study/Info.plist";
				LD_RUNPATH_SEARCH_PATHS = "$(inherited) @executable_path/Frameworks";
				PRODUCT_BUNDLE_IDENTIFIER = "estsoft.rxSwift-study";
				PRODUCT_NAME = "$(TARGET_NAME)";
				SWIFT_VERSION = 4.0;
				TARGETED_DEVICE_FAMILY = "1,2";
			};
			name = Release;
		};
		2B7516A52062486C009026AD /* Debug */ = {
			isa = XCBuildConfiguration;
			baseConfigurationReference = 6288CCE0C4E60B6F68C20CD0 /* Pods-rxSwift-studyTests.debug.xcconfig */;
			buildSettings = {
				ALWAYS_EMBED_SWIFT_STANDARD_LIBRARIES = YES;
				BUNDLE_LOADER = "$(TEST_HOST)";
				CODE_SIGN_STYLE = Automatic;
				DEVELOPMENT_TEAM = WQL32M5H24;
				INFOPLIST_FILE = "rxSwift-studyTests/Info.plist";
				LD_RUNPATH_SEARCH_PATHS = "$(inherited) @executable_path/Frameworks @loader_path/Frameworks";
				PRODUCT_BUNDLE_IDENTIFIER = "estsoft.rxSwift-studyTests";
				PRODUCT_NAME = "$(TARGET_NAME)";
				SWIFT_VERSION = 4.0;
				TARGETED_DEVICE_FAMILY = "1,2";
				TEST_HOST = "$(BUILT_PRODUCTS_DIR)/rxSwift-study.app/rxSwift-study";
			};
			name = Debug;
		};
		2B7516A62062486C009026AD /* Release */ = {
			isa = XCBuildConfiguration;
			baseConfigurationReference = EEC46FE06E35EC873BE16093 /* Pods-rxSwift-studyTests.release.xcconfig */;
			buildSettings = {
				ALWAYS_EMBED_SWIFT_STANDARD_LIBRARIES = YES;
				BUNDLE_LOADER = "$(TEST_HOST)";
				CODE_SIGN_STYLE = Automatic;
				DEVELOPMENT_TEAM = WQL32M5H24;
				INFOPLIST_FILE = "rxSwift-studyTests/Info.plist";
				LD_RUNPATH_SEARCH_PATHS = "$(inherited) @executable_path/Frameworks @loader_path/Frameworks";
				PRODUCT_BUNDLE_IDENTIFIER = "estsoft.rxSwift-studyTests";
				PRODUCT_NAME = "$(TARGET_NAME)";
				SWIFT_VERSION = 4.0;
				TARGETED_DEVICE_FAMILY = "1,2";
				TEST_HOST = "$(BUILT_PRODUCTS_DIR)/rxSwift-study.app/rxSwift-study";
			};
			name = Release;
		};
		2B7516A82062486C009026AD /* Debug */ = {
			isa = XCBuildConfiguration;
			baseConfigurationReference = D682B9905BACB5F9DF7A3B83 /* Pods-rxSwift-studyUITests.debug.xcconfig */;
			buildSettings = {
				ALWAYS_EMBED_SWIFT_STANDARD_LIBRARIES = YES;
				CODE_SIGN_STYLE = Automatic;
				DEVELOPMENT_TEAM = WQL32M5H24;
				INFOPLIST_FILE = "rxSwift-studyUITests/Info.plist";
				LD_RUNPATH_SEARCH_PATHS = "$(inherited) @executable_path/Frameworks @loader_path/Frameworks";
				PRODUCT_BUNDLE_IDENTIFIER = "estsoft.rxSwift-studyUITests";
				PRODUCT_NAME = "$(TARGET_NAME)";
				SWIFT_VERSION = 4.0;
				TARGETED_DEVICE_FAMILY = "1,2";
				TEST_TARGET_NAME = "rxSwift-study";
			};
			name = Debug;
		};
		2B7516A92062486C009026AD /* Release */ = {
			isa = XCBuildConfiguration;
			baseConfigurationReference = 52FBC75427B47F4FBA207818 /* Pods-rxSwift-studyUITests.release.xcconfig */;
			buildSettings = {
				ALWAYS_EMBED_SWIFT_STANDARD_LIBRARIES = YES;
				CODE_SIGN_STYLE = Automatic;
				DEVELOPMENT_TEAM = WQL32M5H24;
				INFOPLIST_FILE = "rxSwift-studyUITests/Info.plist";
				LD_RUNPATH_SEARCH_PATHS = "$(inherited) @executable_path/Frameworks @loader_path/Frameworks";
				PRODUCT_BUNDLE_IDENTIFIER = "estsoft.rxSwift-studyUITests";
				PRODUCT_NAME = "$(TARGET_NAME)";
				SWIFT_VERSION = 4.0;
				TARGETED_DEVICE_FAMILY = "1,2";
				TEST_TARGET_NAME = "rxSwift-study";
			};
			name = Release;
		};
/* End XCBuildConfiguration section */

/* Begin XCConfigurationList section */
		2B7516742062486C009026AD /* Build configuration list for PBXProject "rxSwift-study" */ = {
			isa = XCConfigurationList;
			buildConfigurations = (
				2B75169F2062486C009026AD /* Debug */,
				2B7516A02062486C009026AD /* Release */,
			);
			defaultConfigurationIsVisible = 0;
			defaultConfigurationName = Release;
		};
		2B7516A12062486C009026AD /* Build configuration list for PBXNativeTarget "rxSwift-study" */ = {
			isa = XCConfigurationList;
			buildConfigurations = (
				2B7516A22062486C009026AD /* Debug */,
				2B7516A32062486C009026AD /* Release */,
			);
			defaultConfigurationIsVisible = 0;
			defaultConfigurationName = Release;
		};
		2B7516A42062486C009026AD /* Build configuration list for PBXNativeTarget "rxSwift-studyTests" */ = {
			isa = XCConfigurationList;
			buildConfigurations = (
				2B7516A52062486C009026AD /* Debug */,
				2B7516A62062486C009026AD /* Release */,
			);
			defaultConfigurationIsVisible = 0;
			defaultConfigurationName = Release;
		};
		2B7516A72062486C009026AD /* Build configuration list for PBXNativeTarget "rxSwift-studyUITests" */ = {
			isa = XCConfigurationList;
			buildConfigurations = (
				2B7516A82062486C009026AD /* Debug */,
				2B7516A92062486C009026AD /* Release */,
			);
			defaultConfigurationIsVisible = 0;
			defaultConfigurationName = Release;
		};
/* End XCConfigurationList section */
	};
	rootObject = 2B7516712062486C009026AD /* Project object */;
}
